
Microsoft Visual Studio Solution File, Format Version 12.00
# Visual Studio Version 17
VisualStudioVersion = 17.9.34728.123
MinimumVisualStudioVersion = 10.0.40219.1
Project("{FAE04EC0-301F-11D3-BF4B-00C04F79EFBC}") = "gestionCabinie", "gestionCabinie\gestionCabinie.csproj", "{C840C598-B6A1-408A-BC5C-3CBF046B4510}"
EndProject
Global
	GlobalSection(SolutionConfigurationPlatforms) = preSolution
		Debug|Any CPU = Debug|Any CPU
		Release|Any CPU = Release|Any CPU
	EndGlobalSection
	GlobalSection(ProjectConfigurationPlatforms) = postSolution
		{C840C598-B6A1-408A-BC5C-3CBF046B4510}.Debug|Any CPU.ActiveCfg = Debug|Any CPU
		{C840C598-B6A1-408A-BC5C-3CBF046B4510}.Debug|Any CPU.Build.0 = Debug|Any CPU
		{C840C598-B6A1-408A-BC5C-3CBF046B4510}.Release|Any CPU.ActiveCfg = Release|Any CPU
		{C840C598-B6A1-408A-BC5C-3CBF046B4510}.Release|Any CPU.Build.0 = Release|Any CPU
	EndGlobalSection
	GlobalSection(SolutionProperties) = preSolution
		HideSolutionNode = FALSE
	EndGlobalSection
	GlobalSection(ExtensibilityGlobals) = postSolution
		SolutionGuid = {0F14ABCE-14E2-4548-B79F-139CE8345D0C}
	EndGlobalSection
EndGlobal
